// !$*UTF8*$!
{
	archiveVersion = 1;
	classes = {
	};
	objectVersion = 46;
	objects = {

/* Begin PBXBuildFile section */
		253988291A0D411A002398C3 /* AppDelegate.swift in Sources */ = {isa = PBXBuildFile; fileRef = 253988281A0D411A002398C3 /* AppDelegate.swift */; };
		2539882B1A0D411A002398C3 /* ViewController.swift in Sources */ = {isa = PBXBuildFile; fileRef = 2539882A1A0D411A002398C3 /* ViewController.swift */; };
		2539882E1A0D411A002398C3 /* Main.storyboard in Resources */ = {isa = PBXBuildFile; fileRef = 2539882C1A0D411A002398C3 /* Main.storyboard */; };
		253988301A0D411A002398C3 /* Images.xcassets in Resources */ = {isa = PBXBuildFile; fileRef = 2539882F1A0D411A002398C3 /* Images.xcassets */; };
		253988331A0D411A002398C3 /* LaunchScreen.xib in Resources */ = {isa = PBXBuildFile; fileRef = 253988311A0D411A002398C3 /* LaunchScreen.xib */; };
		2539883F1A0D411A002398C3 /* PostCardTests.swift in Sources */ = {isa = PBXBuildFile; fileRef = 2539883E1A0D411A002398C3 /* PostCardTests.swift */; };
		253988491A0D56AE002398C3 /* SagradaFamilia.jpeg in Resources */ = {isa = PBXBuildFile; fileRef = 253988481A0D56AE002398C3 /* SagradaFamilia.jpeg */; };
		2539884B1A0D5B39002398C3 /* AlbertEinsteinStamp.jpg in Resources */ = {isa = PBXBuildFile; fileRef = 2539884A1A0D5B39002398C3 /* AlbertEinsteinStamp.jpg */; };
/* End PBXBuildFile section */

/* Begin PBXContainerItemProxy section */
		253988391A0D411A002398C3 /* PBXContainerItemProxy */ = {
			isa = PBXContainerItemProxy;
			containerPortal = 2539881B1A0D411A002398C3 /* Project object */;
			proxyType = 1;
			remoteGlobalIDString = 253988221A0D411A002398C3;
			remoteInfo = PostCard;
		};
/* End PBXContainerItemProxy section */

/* Begin PBXFileReference section */
		253988231A0D411A002398C3 /* PostCard.app */ = {isa = PBXFileReference; explicitFileType = wrapper.application; includeInIndex = 0; path = PostCard.app; sourceTree = BUILT_PRODUCTS_DIR; };
		253988271A0D411A002398C3 /* Info.plist */ = {isa = PBXFileReference; lastKnownFileType = text.plist.xml; path = Info.plist; sourceTree = "<group>"; };
		253988281A0D411A002398C3 /* AppDelegate.swift */ = {isa = PBXFileReference; lastKnownFileType = sourcecode.swift; path = AppDelegate.swift; sourceTree = "<group>"; };
		2539882A1A0D411A002398C3 /* ViewController.swift */ = {isa = PBXFileReference; lastKnownFileType = sourcecode.swift; path = ViewController.swift; sourceTree = "<group>"; };
		2539882D1A0D411A002398C3 /* Base */ = {isa = PBXFileReference; lastKnownFileType = file.storyboard; name = Base; path = Base.lproj/Main.storyboard; sourceTree = "<group>"; };
		2539882F1A0D411A002398C3 /* Images.xcassets */ = {isa = PBXFileReference; lastKnownFileType = folder.assetcatalog; path = Images.xcassets; sourceTree = "<group>"; };
		253988321A0D411A002398C3 /* Base */ = {isa = PBXFileReference; lastKnownFileType = file.xib; name = Base; path = Base.lproj/LaunchScreen.xib; sourceTree = "<group>"; };
		253988381A0D411A002398C3 /* PostCardTests.xctest */ = {isa = PBXFileReference; explicitFileType = wrapper.cfbundle; includeInIndex = 0; path = PostCardTests.xctest; sourceTree = BUILT_PRODUCTS_DIR; };
		2539883D1A0D411A002398C3 /* Info.plist */ = {isa = PBXFileReference; lastKnownFileType = text.plist.xml; path = Info.plist; sourceTree = "<group>"; };
		2539883E1A0D411A002398C3 /* PostCardTests.swift */ = {isa = PBXFileReference; lastKnownFileType = sourcecode.swift; path = PostCardTests.swift; sourceTree = "<group>"; };
		253988481A0D56AE002398C3 /* SagradaFamilia.jpeg */ = {isa = PBXFileReference; lastKnownFileType = image.jpeg; path = SagradaFamilia.jpeg; sourceTree = "<group>"; };
		2539884A1A0D5B39002398C3 /* AlbertEinsteinStamp.jpg */ = {isa = PBXFileReference; lastKnownFileType = image.jpeg; path = AlbertEinsteinStamp.jpg; sourceTree = "<group>"; };
/* End PBXFileReference section */

/* Begin PBXFrameworksBuildPhase section */
		253988201A0D411A002398C3 /* Frameworks */ = {
			isa = PBXFrameworksBuildPhase;
			buildActionMask = 2147483647;
			files = (
			);
			runOnlyForDeploymentPostprocessing = 0;
		};
		253988351A0D411A002398C3 /* Frameworks */ = {
			isa = PBXFrameworksBuildPhase;
			buildActionMask = 2147483647;
			files = (
			);
			runOnlyForDeploymentPostprocessing = 0;
		};
/* End PBXFrameworksBuildPhase section */

/* Begin PBXGroup section */
		2539881A1A0D411A002398C3 = {
			isa = PBXGroup;
			children = (
				253988251A0D411A002398C3 /* PostCard */,
				2539883B1A0D411A002398C3 /* PostCardTests */,
				253988241A0D411A002398C3 /* Products */,
			);
			sourceTree = "<group>";
		};
		253988241A0D411A002398C3 /* Products */ = {
			isa = PBXGroup;
			children = (
				253988231A0D411A002398C3 /* PostCard.app */,
				253988381A0D411A002398C3 /* PostCardTests.xctest */,
			);
			name = Products;
			sourceTree = "<group>";
		};
		253988251A0D411A002398C3 /* PostCard */ = {
			isa = PBXGroup;
			children = (
				253988281A0D411A002398C3 /* AppDelegate.swift */,
				2539882A1A0D411A002398C3 /* ViewController.swift */,
				2539882C1A0D411A002398C3 /* Main.storyboard */,
				2539882F1A0D411A002398C3 /* Images.xcassets */,
				253988311A0D411A002398C3 /* LaunchScreen.xib */,
				253988261A0D411A002398C3 /* Supporting Files */,
			);
			path = PostCard;
			sourceTree = "<group>";
		};
		253988261A0D411A002398C3 /* Supporting Files */ = {
			isa = PBXGroup;
			children = (
				2539884A1A0D5B39002398C3 /* AlbertEinsteinStamp.jpg */,
				253988481A0D56AE002398C3 /* SagradaFamilia.jpeg */,
				253988271A0D411A002398C3 /* Info.plist */,
			);
			name = "Supporting Files";
			sourceTree = "<group>";
		};
		2539883B1A0D411A002398C3 /* PostCardTests */ = {
			isa = PBXGroup;
			children = (
				2539883E1A0D411A002398C3 /* PostCardTests.swift */,
				2539883C1A0D411A002398C3 /* Supporting Files */,
			);
			path = PostCardTests;
			sourceTree = "<group>";
		};
		2539883C1A0D411A002398C3 /* Supporting Files */ = {
			isa = PBXGroup;
			children = (
				2539883D1A0D411A002398C3 /* Info.plist */,
			);
			name = "Supporting Files";
			sourceTree = "<group>";
		};
/* End PBXGroup section */

/* Begin PBXNativeTarget section */
		253988221A0D411A002398C3 /* PostCard */ = {
			isa = PBXNativeTarget;
			buildConfigurationList = 253988421A0D411A002398C3 /* Build configuration list for PBXNativeTarget "PostCard" */;
			buildPhases = (
				2539881F1A0D411A002398C3 /* Sources */,
				253988201A0D411A002398C3 /* Frameworks */,
				253988211A0D411A002398C3 /* Resources */,
			);
			buildRules = (
			);
			dependencies = (
			);
			name = PostCard;
			productName = PostCard;
			productReference = 253988231A0D411A002398C3 /* PostCard.app */;
			productType = "com.apple.product-type.application";
		};
		253988371A0D411A002398C3 /* PostCardTests */ = {
			isa = PBXNativeTarget;
			buildConfigurationList = 253988451A0D411A002398C3 /* Build configuration list for PBXNativeTarget "PostCardTests" */;
			buildPhases = (
				253988341A0D411A002398C3 /* Sources */,
				253988351A0D411A002398C3 /* Frameworks */,
				253988361A0D411A002398C3 /* Resources */,
			);
			buildRules = (
			);
			dependencies = (
				2539883A1A0D411A002398C3 /* PBXTargetDependency */,
			);
			name = PostCardTests;
			productName = PostCardTests;
			productReference = 253988381A0D411A002398C3 /* PostCardTests.xctest */;
			productType = "com.apple.product-type.bundle.unit-test";
		};
/* End PBXNativeTarget section */

/* Begin PBXProject section */
		2539881B1A0D411A002398C3 /* Project object */ = {
			isa = PBXProject;
			attributes = {
				LastUpgradeCheck = 0610;
				ORGANIZATIONNAME = "Daniel Bienkowski";
				TargetAttributes = {
					253988221A0D411A002398C3 = {
						CreatedOnToolsVersion = 6.1;
					};
					253988371A0D411A002398C3 = {
						CreatedOnToolsVersion = 6.1;
						TestTargetID = 253988221A0D411A002398C3;
					};
				};
			};
			buildConfigurationList = 2539881E1A0D411A002398C3 /* Build configuration list for PBXProject "PostCard" */;
			compatibilityVersion = "Xcode 3.2";
			developmentRegion = English;
			hasScannedForEncodings = 0;
			knownRegions = (
				en,
				Base,
			);
			mainGroup = 2539881A1A0D411A002398C3;
			productRefGroup = 253988241A0D411A002398C3 /* Products */;
			projectDirPath = "";
			projectRoot = "";
			targets = (
				253988221A0D411A002398C3 /* PostCard */,
				253988371A0D411A002398C3 /* PostCardTests */,
			);
		};
/* End PBXProject section */

/* Begin PBXResourcesBuildPhase section */
		253988211A0D411A002398C3 /* Resources */ = {
			isa = PBXResourcesBuildPhase;
			buildActionMask = 2147483647;
			files = (
				2539882E1A0D411A002398C3 /* Main.storyboard in Resources */,
				253988491A0D56AE002398C3 /* SagradaFamilia.jpeg in Resources */,
				2539884B1A0D5B39002398C3 /* AlbertEinsteinStamp.jpg in Resources */,
				253988331A0D411A002398C3 /* LaunchScreen.xib in Resources */,
				253988301A0D411A002398C3 /* Images.xcassets in Resources */,
			);
			runOnlyForDeploymentPostprocessing = 0;
		};
		253988361A0D411A002398C3 /* Resources */ = {
			isa = PBXResourcesBuildPhase;
			buildActionMask = 2147483647;
			files = (
			);
			runOnlyForDeploymentPostprocessing = 0;
		};
/* End PBXResourcesBuildPhase section */

/* Begin PBXSourcesBuildPhase section */
		2539881F1A0D411A002398C3 /* Sources */ = {
			isa = PBXSourcesBuildPhase;
			buildActionMask = 2147483647;
			files = (
				2539882B1A0D411A002398C3 /* ViewController.swift in Sources */,
				253988291A0D411A002398C3 /* AppDelegate.swift in Sources */,
			);
			runOnlyForDeploymentPostprocessing = 0;
		};
		253988341A0D411A002398C3 /* Sources */ = {
			isa = PBXSourcesBuildPhase;
			buildActionMask = 2147483647;
			files = (
				2539883F1A0D411A002398C3 /* PostCardTests.swift in Sources */,
			);
			runOnlyForDeploymentPostprocessing = 0;
		};
/* End PBXSourcesBuildPhase section */

/* Begin PBXTargetDependency section */
		2539883A1A0D411A002398C3 /* PBXTargetDependency */ = {
			isa = PBXTargetDependency;
			target = 253988221A0D411A002398C3 /* PostCard */;
			targetProxy = 253988391A0D411A002398C3 /* PBXContainerItemProxy */;
		};
/* End PBXTargetDependency section */

/* Begin PBXVariantGroup section */
		2539882C1A0D411A002398C3 /* Main.storyboard */ = {
			isa = PBXVariantGroup;
			children = (
				2539882D1A0D411A002398C3 /* Base */,
			);
			name = Main.storyboard;
			sourceTree = "<group>";
		};
		253988311A0D411A002398C3 /* LaunchScreen.xib */ = {
			isa = PBXVariantGroup;
			children = (
				253988321A0D411A002398C3 /* Base */,
			);
			name = LaunchScreen.xib;
			sourceTree = "<group>";
		};
/* End PBXVariantGroup section */

/* Begin XCBuildConfiguration section */
		253988401A0D411A002398C3 /* Debug */ = {
			isa = XCBuildConfiguration;
			buildSettings = {
				ALWAYS_SEARCH_USER_PATHS = NO;
				CLANG_CXX_LANGUAGE_STANDARD = "gnu++0x";
				CLANG_CXX_LIBRARY = "libc++";
				CLANG_ENABLE_MODULES = YES;
				CLANG_ENABLE_OBJC_ARC = YES;
				CLANG_WARN_BOOL_CONVERSION = YES;
				CLANG_WARN_CONSTANT_CONVERSION = YES;
				CLANG_WARN_DIRECT_OBJC_ISA_USAGE = YES_ERROR;
				CLANG_WARN_EMPTY_BODY = YES;
				CLANG_WARN_ENUM_CONVERSION = YES;
				CLANG_WARN_INT_CONVERSION = YES;
				CLANG_WARN_OBJC_ROOT_CLASS = YES_ERROR;
				CLANG_WARN_UNREACHABLE_CODE = YES;
				CLANG_WARN__DUPLICATE_METHOD_MATCH = YES;
				"CODE_SIGN_IDENTITY[sdk=iphoneos*]" = "iPhone Developer";
				COPY_PHASE_STRIP = NO;
				ENABLE_STRICT_OBJC_MSGSEND = YES;
				GCC_C_LANGUAGE_STANDARD = gnu99;
				GCC_DYNAMIC_NO_PIC = NO;
				GCC_OPTIMIZATION_LEVEL = 0;
				GCC_PREPROCESSOR_DEFINITIONS = (
					"DEBUG=1",
					"$(inherited)",
				);
				GCC_SYMBOLS_PRIVATE_EXTERN = NO;
				GCC_WARN_64_TO_32_BIT_CONVERSION = YES;
				GCC_WARN_ABOUT_RETURN_TYPE = YES_ERROR;
				GCC_WARN_UNDECLARED_SELECTOR = YES;
				GCC_WARN_UNINITIALIZED_AUTOS = YES_AGGRESSIVE;
				GCC_WARN_UNUSED_FUNCTION = YES;
				GCC_WARN_UNUSED_VARIABLE = YES;
				IPHONEOS_DEPLOYMENT_TARGET = 8.1;
				MTL_ENABLE_DEBUG_INFO = YES;
				ONLY_ACTIVE_ARCH = YES;
				SDKROOT = iphoneos;
				SWIFT_OPTIMIZATION_LEVEL = "-Onone";
				TARGETED_DEVICE_FAMILY = "1,2";
			};
			name = Debug;
		};
		253988411A0D411A002398C3 /* Release */ = {
			isa = XCBuildConfiguration;
			buildSettings = {
				ALWAYS_SEARCH_USER_PATHS = NO;
				CLANG_CXX_LANGUAGE_STANDARD = "gnu++0x";
				CLANG_CXX_LIBRARY = "libc++";
				CLANG_ENABLE_MODULES = YES;
				CLANG_ENABLE_OBJC_ARC = YES;
				CLANG_WARN_BOOL_CONVERSION = YES;
				CLANG_WARN_CONSTANT_CONVERSION = YES;
				CLANG_WARN_DIRECT_OBJC_ISA_USAGE = YES_ERROR;
				CLANG_WARN_EMPTY_BODY = YES;
				CLANG_WARN_ENUM_CONVERSION = YES;
				CLANG_WARN_INT_CONVERSION = YES;
				CLANG_WARN_OBJC_ROOT_CLASS = YES_ERROR;
				CLANG_WARN_UNREACHABLE_CODE = YES;
				CLANG_WARN__DUPLICATE_METHOD_MATCH = YES;
				"CODE_SIGN_IDENTITY[sdk=iphoneos*]" = "iPhone Developer";
				COPY_PHASE_STRIP = YES;
				ENABLE_NS_ASSERTIONS = NO;
				ENABLE_STRICT_OBJC_MSGSEND = YES;
				GCC_C_LANGUAGE_STANDARD = gnu99;
				GCC_WARN_64_TO_32_BIT_CONVERSION = YES;
				GCC_WARN_ABOUT_RETURN_TYPE = YES_ERROR;
				GCC_WARN_UNDECLARED_SELECTOR = YES;
				GCC_WARN_UNINITIALIZED_AUTOS = YES_AGGRESSIVE;
				GCC_WARN_UNUSED_FUNCTION = YES;
				GCC_WARN_UNUSED_VARIABLE = YES;
				IPHONEOS_DEPLOYMENT_TARGET = 8.1;
				MTL_ENABLE_DEBUG_INFO = NO;
				SDKROOT = iphoneos;
				TARGETED_DEVICE_FAMILY = "1,2";
				VALIDATE_PRODUCT = YES;
			};
			name = Release;
		};
		253988431A0D411A002398C3 /* Debug */ = {
			isa = XCBuildConfiguration;
			buildSettings = {
				ASSETCATALOG_COMPILER_APPICON_NAME = AppIcon;
				INFOPLIST_FILE = PostCard/Info.plist;
				LD_RUNPATH_SEARCH_PATHS = "$(inherited) @executable_path/Frameworks";
				PRODUCT_NAME = "$(TARGET_NAME)";
			};
			name = Debug;
		};
		253988441A0D411A002398C3 /* Release */ = {
			isa = XCBuildConfiguration;
			buildSettings = {
				ASSETCATALOG_COMPILER_APPICON_NAME = AppIcon;
				INFOPLIST_FILE = PostCard/Info.plist;
				LD_RUNPATH_SEARCH_PATHS = "$(inherited) @executable_path/Frameworks";
				PRODUCT_NAME = "$(TARGET_NAME)";
			};
			name = Release;
		};
		253988461A0D411A002398C3 /* Debug */ = {
			isa = XCBuildConfiguration;
			buildSettings = {
				BUNDLE_LOADER = "$(TEST_HOST)";
				FRAMEWORK_SEARCH_PATHS = (
					"$(SDKROOT)/Developer/Library/Frameworks",
					"$(inherited)",
				);
				GCC_PREPROCESSOR_DEFINITIONS = (
					"DEBUG=1",
					"$(inherited)",
				);
				INFOPLIST_FILE = PostCardTests/Info.plist;
				LD_RUNPATH_SEARCH_PATHS = "$(inherited) @executable_path/Frameworks @loader_path/Frameworks";
				PRODUCT_NAME = "$(TARGET_NAME)";
				TEST_HOST = "$(BUILT_PRODUCTS_DIR)/PostCard.app/PostCard";
			};
			name = Debug;
		};
		253988471A0D411A002398C3 /* Release */ = {
			isa = XCBuildConfiguration;
			buildSettings = {
				BUNDLE_LOADER = "$(TEST_HOST)";
				FRAMEWORK_SEARCH_PATHS = (
					"$(SDKROOT)/Developer/Library/Frameworks",
					"$(inherited)",
				);
				INFOPLIST_FILE = PostCardTests/Info.plist;
				LD_RUNPATH_SEARCH_PATHS = "$(inherited) @executable_path/Frameworks @loader_path/Frameworks";
				PRODUCT_NAME = "$(TARGET_NAME)";
				TEST_HOST = "$(BUILT_PRODUCTS_DIR)/PostCard.app/PostCard";
			};
			name = Release;
		};
/* End XCBuildConfiguration section */

/* Begin XCConfigurationList section */
		2539881E1A0D411A002398C3 /* Build configuration list for PBXProject "PostCard" */ = {
			isa = XCConfigurationList;
			buildConfigurations = (
				253988401A0D411A002398C3 /* Debug */,
				253988411A0D411A002398C3 /* Release */,
			);
			defaultConfigurationIsVisible = 0;
			defaultConfigurationName = Release;
		};
		253988421A0D411A002398C3 /* Build configuration list for PBXNativeTarget "PostCard" */ = {
			isa = XCConfigurationList;
			buildConfigurations = (
				253988431A0D411A002398C3 /* Debug */,
				253988441A0D411A002398C3 /* Release */,
			);
			defaultConfigurationIsVisible = 0;
		};
		253988451A0D411A002398C3 /* Build configuration list for PBXNativeTarget "PostCardTests" */ = {
			isa = XCConfigurationList;
			buildConfigurations = (
				253988461A0D411A002398C3 /* Debug */,
				253988471A0D411A002398C3 /* Release */,
			);
			defaultConfigurationIsVisible = 0;
		};
/* End XCConfigurationList section */
	};
	rootObject = 2539881B1A0D411A002398C3 /* Project object */;
}
